{
  "name": "node-app-with-my-published-pkg",
  "version": "1.0.0",
  "lockfileVersion": 1,
  "requires": true,
  "dependencies": {
    "speed-math": {
      "version": "1.1.0",
      "resolved": "https://registry.npmjs.org/speed-math/-/speed-math-1.1.0.tgz",
      "integrity": "sha512-A8vepQOdKd+bTES2lYN/xiGD1KZT0W3sXa0e7J89v49UNIUyCbtcyZcMma48Q2LMoonsUs4AXCtKMQ/YxdRWWg=="
    }
  }
}
